
Microsoft Visual Studio Solution File, Format Version 12.00
# Visual Studio Version 16
VisualStudioVersion = 16.0.29905.134
MinimumVisualStudioVersion = 10.0.40219.1
Project("{FAE04EC0-301F-11D3-BF4B-00C04F79EFBC}") = "DbGitPerson", "DbGitPerson.csproj", "{F6CB31F3-8120-4984-8111-DB51BE4D1B02}"
EndProject
Global
	GlobalSection(SolutionConfigurationPlatforms) = preSolution
		Debug|Any CPU = Debug|Any CPU
		Release|Any CPU = Release|Any CPU
	EndGlobalSection
	GlobalSection(ProjectConfigurationPlatforms) = postSolution
		{F6CB31F3-8120-4984-8111-DB51BE4D1B02}.Debug|Any CPU.ActiveCfg = Debug|Any CPU
		{F6CB31F3-8120-4984-8111-DB51BE4D1B02}.Debug|Any CPU.Build.0 = Debug|Any CPU
		{F6CB31F3-8120-4984-8111-DB51BE4D1B02}.Release|Any CPU.ActiveCfg = Release|Any CPU
		{F6CB31F3-8120-4984-8111-DB51BE4D1B02}.Release|Any CPU.Build.0 = Release|Any CPU
	EndGlobalSection
	GlobalSection(SolutionProperties) = preSolution
		HideSolutionNode = FALSE
	EndGlobalSection
	GlobalSection(ExtensibilityGlobals) = postSolution
		SolutionGuid = {96CCA33C-4FEF-4459-84FD-25CF5993A957}
	EndGlobalSection
EndGlobal
